
Microsoft Visual Studio Solution File, Format Version 12.00
# Visual Studio Version 17
VisualStudioVersion = 17.13.35913.81
MinimumVisualStudioVersion = 10.0.40219.1
Project("{FAE04EC0-301F-11D3-BF4B-00C04F79EFBC}") = "MNSDotNetTrainingBatch1.FirstConsoleApp", "MNSDotNetTrainingBatch1.FirstConsoleApp\MNSDotNetTrainingBatch1.FirstConsoleApp.csproj", "{0C6AB73E-C8AF-4C61-96F8-5FF05E1231DF}"
EndProject
Project("{FAE04EC0-301F-11D3-BF4B-00C04F79EFBC}") = "MNSDotNetTrainingBatch1.ConsoleApp2", "MNSDotNetTrainingBatch1.ConsoleApp2\MNSDotNetTrainingBatch1.ConsoleApp2.csproj", "{8B1448C2-9A44-FAA2-8969-4B696554FCEB}"
EndProject
Project("{FAE04EC0-301F-11D3-BF4B-00C04F79EFBC}") = "MNSDotNetTrainingBatch1.WinFormsApp", "MNSDotNetTrainingBatch1.WinFormsApp\MNSDotNetTrainingBatch1.WinFormsApp.csproj", "{3F211942-E63A-473F-B585-F3CD4F044C65}"
EndProject
Project("{FAE04EC0-301F-11D3-BF4B-00C04F79EFBC}") = "MNSDotNetTrainingBatch1.ConsoleApp3", "MNSDotNetTrainingBatch1.ConsoleApp3\MNSDotNetTrainingBatch1.ConsoleApp3.csproj", "{C8E2DB23-2E1C-4EB0-8C11-A4380A7DA518}"
EndProject
Project("{FAE04EC0-301F-11D3-BF4B-00C04F79EFBC}") = "MNSDotNetTrainingBatch1.Shared", "MNSDotNetTrainingBatch1.Shared\MNSDotNetTrainingBatch1.Shared.csproj", "{1E12179E-7DCB-469F-A4D3-B88F3C779F10}"
EndProject
Project("{FAE04EC0-301F-11D3-BF4B-00C04F79EFBC}") = "MNSDotNetTrainingBatch1.ConsoleApp4", "MNSDotNetTrainingBatch1.ConsoleApp4\MNSDotNetTrainingBatch1.ConsoleApp4.csproj", "{18D143E5-6843-4DAE-81F2-6556FD9FD9FB}"
EndProject
Project("{FAE04EC0-301F-11D3-BF4B-00C04F79EFBC}") = "MNSDotNetTrainingBatch1.ConsoleApp5", "MNSDotNetTrainingBatch1.ConsoleApp5\MNSDotNetTrainingBatch1.ConsoleApp5.csproj", "{1AF6C8A6-D560-4E9C-BB05-9B6E913A3789}"
EndProject
Project("{FAE04EC0-301F-11D3-BF4B-00C04F79EFBC}") = "MNSDotNetTrainingBatch1.WebApi", "MNSDotNetTrainingBatch1.WebApi\MNSDotNetTrainingBatch1.WebApi.csproj", "{68A4DC5E-CAD5-4D78-A8BD-81402716F1ED}"
EndProject
Project("{FAE04EC0-301F-11D3-BF4B-00C04F79EFBC}") = "MNSDotNetTrainingBatch1.Assigned.DreamDictionary.WebApi", "MNSDotNetTrainingBatch1.Assigned.DreamDictionary.WebApi\MNSDotNetTrainingBatch1.Assigned.DreamDictionary.WebApi.csproj", "{F5C920FE-1805-49B5-8405-C763EC50D372}"
EndProject
Project("{2150E333-8FDC-42A3-9474-1A3956D46DE8}") = "Assigned.DreamDictionary", "Assigned.DreamDictionary", "{02EA681E-C7D8-13C7-8484-4AC65E1B71E8}"
EndProject
Project("{FAE04EC0-301F-11D3-BF4B-00C04F79EFBC}") = "MNSDotNetTrainingBatch1.Assigned.DreamDictionary.Database", "MNSDotNetTrainingBatch1.Assigned.DreamDictionary.Database\MNSDotNetTrainingBatch1.Assigned.DreamDictionary.Database.csproj", "{E8C0D77E-CD91-4D66-AC39-FFCDE7989441}"
EndProject
Project("{FAE04EC0-301F-11D3-BF4B-00C04F79EFBC}") = "MNSDotNetTrainingBatch1.Assigned.DreamDictionary.Domain", "MNSDotNetTrainingBatch1.Assigned.DreamDictionary.Domain\MNSDotNetTrainingBatch1.Assigned.DreamDictionary.Domain.csproj", "{65D036E6-C7E7-4F0A-A85D-24059342F585}"
EndProject
Project("{FAE04EC0-301F-11D3-BF4B-00C04F79EFBC}") = "MNSDotNetTrainingBatch1.Database", "MNSDotNetTrainingBatch1.Database\MNSDotNetTrainingBatch1.Database.csproj", "{2D26DCD2-0220-403E-9815-54777391A880}"
EndProject
Project("{FAE04EC0-301F-11D3-BF4B-00C04F79EFBC}") = "MNSDotNetTrainingBatch1.TestDapper", "MNSDotNetTrainingBatch1.TestDapper\MNSDotNetTrainingBatch1.TestDapper.csproj", "{6F1ADA0C-B368-4BFE-9AF4-E3F334B09F1C}"
EndProject
Project("{2150E333-8FDC-42A3-9474-1A3956D46DE8}") = "testPrograms", "testPrograms", "{477CB6BD-F63D-4D60-B856-67862FB017A8}"
EndProject
Project("{FAE04EC0-301F-11D3-BF4B-00C04F79EFBC}") = "MNSDotNetTrainingBatch1.TestEFCore.ModelFirst", "MNSDotNetTrainingBatch1.TestEFCore\MNSDotNetTrainingBatch1.TestEFCore.ModelFirst.csproj", "{5DB26012-B88E-45D0-BF52-C5509A50DE31}"
EndProject
Project("{FAE04EC0-301F-11D3-BF4B-00C04F79EFBC}") = "MNSDotNetTrainingBatch1.TestEFCore.DbFirst", "MNSDotNetTrainingBatch1.TestEFCore.DbFirst\MNSDotNetTrainingBatch1.TestEFCore.DbFirst.csproj", "{41487D42-B548-4C1C-A1D5-64E7717C9A69}"
EndProject
Project("{FAE04EC0-301F-11D3-BF4B-00C04F79EFBC}") = "MNSDotNetTrainingBatch1.TestShared", "MNSDotNetTrainingBatch1.TestShared\MNSDotNetTrainingBatch1.TestShared.csproj", "{FB2FDB55-C542-46B6-B3B1-72E447801516}"
EndProject
Project("{FAE04EC0-301F-11D3-BF4B-00C04F79EFBC}") = "MNSDotNetTrainingBatch1.TestWebApi", "MNSDotNetTrainingBatch1.TestWebApi\MNSDotNetTrainingBatch1.TestWebApi.csproj", "{9668E47B-393F-48F4-8A7B-E971408E92AA}"
EndProject
Project("{2150E333-8FDC-42A3-9474-1A3956D46DE8}") = "MiniWallet", "MiniWallet", "{20EDE5D4-A9BD-4E9B-9D22-C0D238D5C765}"
EndProject
Project("{FAE04EC0-301F-11D3-BF4B-00C04F79EFBC}") = "MNSDotNetTrainingBatch1.MiniWallet.Database", "MNSDotNetTrainingBatch1.MiniWallet.Database\MNSDotNetTrainingBatch1.MiniWallet.Database.csproj", "{37A5558B-0832-4964-B8CE-5CF7D926188D}"
EndProject
Project("{FAE04EC0-301F-11D3-BF4B-00C04F79EFBC}") = "MNSDotNetTrainingBatch1.MiniWallet.WebApi", "MNSDotNetTrainingBatch1.MiniWallet.WebApi\MNSDotNetTrainingBatch1.MiniWallet.WebApi.csproj", "{A5C8FC87-99D5-49DB-985C-E127A1F4B89C}"
EndProject
Global
	GlobalSection(SolutionConfigurationPlatforms) = preSolution
		Debug|Any CPU = Debug|Any CPU
		Release|Any CPU = Release|Any CPU
	EndGlobalSection
	GlobalSection(ProjectConfigurationPlatforms) = postSolution
		{0C6AB73E-C8AF-4C61-96F8-5FF05E1231DF}.Debug|Any CPU.ActiveCfg = Debug|Any CPU
		{0C6AB73E-C8AF-4C61-96F8-5FF05E1231DF}.Debug|Any CPU.Build.0 = Debug|Any CPU
		{0C6AB73E-C8AF-4C61-96F8-5FF05E1231DF}.Release|Any CPU.ActiveCfg = Release|Any CPU
		{0C6AB73E-C8AF-4C61-96F8-5FF05E1231DF}.Release|Any CPU.Build.0 = Release|Any CPU
		{8B1448C2-9A44-FAA2-8969-4B696554FCEB}.Debug|Any CPU.ActiveCfg = Debug|Any CPU
		{8B1448C2-9A44-FAA2-8969-4B696554FCEB}.Debug|Any CPU.Build.0 = Debug|Any CPU
		{8B1448C2-9A44-FAA2-8969-4B696554FCEB}.Release|Any CPU.ActiveCfg = Release|Any CPU
		{8B1448C2-9A44-FAA2-8969-4B696554FCEB}.Release|Any CPU.Build.0 = Release|Any CPU
		{3F211942-E63A-473F-B585-F3CD4F044C65}.Debug|Any CPU.ActiveCfg = Debug|Any CPU
		{3F211942-E63A-473F-B585-F3CD4F044C65}.Debug|Any CPU.Build.0 = Debug|Any CPU
		{3F211942-E63A-473F-B585-F3CD4F044C65}.Release|Any CPU.ActiveCfg = Release|Any CPU
		{3F211942-E63A-473F-B585-F3CD4F044C65}.Release|Any CPU.Build.0 = Release|Any CPU
		{C8E2DB23-2E1C-4EB0-8C11-A4380A7DA518}.Debug|Any CPU.ActiveCfg = Debug|Any CPU
		{C8E2DB23-2E1C-4EB0-8C11-A4380A7DA518}.Debug|Any CPU.Build.0 = Debug|Any CPU
		{C8E2DB23-2E1C-4EB0-8C11-A4380A7DA518}.Release|Any CPU.ActiveCfg = Release|Any CPU
		{C8E2DB23-2E1C-4EB0-8C11-A4380A7DA518}.Release|Any CPU.Build.0 = Release|Any CPU
		{1E12179E-7DCB-469F-A4D3-B88F3C779F10}.Debug|Any CPU.ActiveCfg = Debug|Any CPU
		{1E12179E-7DCB-469F-A4D3-B88F3C779F10}.Debug|Any CPU.Build.0 = Debug|Any CPU
		{1E12179E-7DCB-469F-A4D3-B88F3C779F10}.Release|Any CPU.ActiveCfg = Release|Any CPU
		{1E12179E-7DCB-469F-A4D3-B88F3C779F10}.Release|Any CPU.Build.0 = Release|Any CPU
		{18D143E5-6843-4DAE-81F2-6556FD9FD9FB}.Debug|Any CPU.ActiveCfg = Debug|Any CPU
		{18D143E5-6843-4DAE-81F2-6556FD9FD9FB}.Debug|Any CPU.Build.0 = Debug|Any CPU
		{18D143E5-6843-4DAE-81F2-6556FD9FD9FB}.Release|Any CPU.ActiveCfg = Release|Any CPU
		{18D143E5-6843-4DAE-81F2-6556FD9FD9FB}.Release|Any CPU.Build.0 = Release|Any CPU
		{1AF6C8A6-D560-4E9C-BB05-9B6E913A3789}.Debug|Any CPU.ActiveCfg = Debug|Any CPU
		{1AF6C8A6-D560-4E9C-BB05-9B6E913A3789}.Debug|Any CPU.Build.0 = Debug|Any CPU
		{1AF6C8A6-D560-4E9C-BB05-9B6E913A3789}.Release|Any CPU.ActiveCfg = Release|Any CPU
		{1AF6C8A6-D560-4E9C-BB05-9B6E913A3789}.Release|Any CPU.Build.0 = Release|Any CPU
		{68A4DC5E-CAD5-4D78-A8BD-81402716F1ED}.Debug|Any CPU.ActiveCfg = Debug|Any CPU
		{68A4DC5E-CAD5-4D78-A8BD-81402716F1ED}.Debug|Any CPU.Build.0 = Debug|Any CPU
		{68A4DC5E-CAD5-4D78-A8BD-81402716F1ED}.Release|Any CPU.ActiveCfg = Release|Any CPU
		{68A4DC5E-CAD5-4D78-A8BD-81402716F1ED}.Release|Any CPU.Build.0 = Release|Any CPU
		{F5C920FE-1805-49B5-8405-C763EC50D372}.Debug|Any CPU.ActiveCfg = Debug|Any CPU
		{F5C920FE-1805-49B5-8405-C763EC50D372}.Debug|Any CPU.Build.0 = Debug|Any CPU
		{F5C920FE-1805-49B5-8405-C763EC50D372}.Release|Any CPU.ActiveCfg = Release|Any CPU
		{F5C920FE-1805-49B5-8405-C763EC50D372}.Release|Any CPU.Build.0 = Release|Any CPU
		{E8C0D77E-CD91-4D66-AC39-FFCDE7989441}.Debug|Any CPU.ActiveCfg = Debug|Any CPU
		{E8C0D77E-CD91-4D66-AC39-FFCDE7989441}.Debug|Any CPU.Build.0 = Debug|Any CPU
		{E8C0D77E-CD91-4D66-AC39-FFCDE7989441}.Release|Any CPU.ActiveCfg = Release|Any CPU
		{E8C0D77E-CD91-4D66-AC39-FFCDE7989441}.Release|Any CPU.Build.0 = Release|Any CPU
		{65D036E6-C7E7-4F0A-A85D-24059342F585}.Debug|Any CPU.ActiveCfg = Debug|Any CPU
		{65D036E6-C7E7-4F0A-A85D-24059342F585}.Debug|Any CPU.Build.0 = Debug|Any CPU
		{65D036E6-C7E7-4F0A-A85D-24059342F585}.Release|Any CPU.ActiveCfg = Release|Any CPU
		{65D036E6-C7E7-4F0A-A85D-24059342F585}.Release|Any CPU.Build.0 = Release|Any CPU
		{2D26DCD2-0220-403E-9815-54777391A880}.Debug|Any CPU.ActiveCfg = Debug|Any CPU
		{2D26DCD2-0220-403E-9815-54777391A880}.Debug|Any CPU.Build.0 = Debug|Any CPU
		{2D26DCD2-0220-403E-9815-54777391A880}.Release|Any CPU.ActiveCfg = Release|Any CPU
		{2D26DCD2-0220-403E-9815-54777391A880}.Release|Any CPU.Build.0 = Release|Any CPU
		{6F1ADA0C-B368-4BFE-9AF4-E3F334B09F1C}.Debug|Any CPU.ActiveCfg = Debug|Any CPU
		{6F1ADA0C-B368-4BFE-9AF4-E3F334B09F1C}.Debug|Any CPU.Build.0 = Debug|Any CPU
		{6F1ADA0C-B368-4BFE-9AF4-E3F334B09F1C}.Release|Any CPU.ActiveCfg = Release|Any CPU
		{6F1ADA0C-B368-4BFE-9AF4-E3F334B09F1C}.Release|Any CPU.Build.0 = Release|Any CPU
		{5DB26012-B88E-45D0-BF52-C5509A50DE31}.Debug|Any CPU.ActiveCfg = Debug|Any CPU
		{5DB26012-B88E-45D0-BF52-C5509A50DE31}.Debug|Any CPU.Build.0 = Debug|Any CPU
		{5DB26012-B88E-45D0-BF52-C5509A50DE31}.Release|Any CPU.ActiveCfg = Release|Any CPU
		{5DB26012-B88E-45D0-BF52-C5509A50DE31}.Release|Any CPU.Build.0 = Release|Any CPU
		{41487D42-B548-4C1C-A1D5-64E7717C9A69}.Debug|Any CPU.ActiveCfg = Debug|Any CPU
		{41487D42-B548-4C1C-A1D5-64E7717C9A69}.Debug|Any CPU.Build.0 = Debug|Any CPU
		{41487D42-B548-4C1C-A1D5-64E7717C9A69}.Release|Any CPU.ActiveCfg = Release|Any CPU
		{41487D42-B548-4C1C-A1D5-64E7717C9A69}.Release|Any CPU.Build.0 = Release|Any CPU
		{FB2FDB55-C542-46B6-B3B1-72E447801516}.Debug|Any CPU.ActiveCfg = Debug|Any CPU
		{FB2FDB55-C542-46B6-B3B1-72E447801516}.Debug|Any CPU.Build.0 = Debug|Any CPU
		{FB2FDB55-C542-46B6-B3B1-72E447801516}.Release|Any CPU.ActiveCfg = Release|Any CPU
		{FB2FDB55-C542-46B6-B3B1-72E447801516}.Release|Any CPU.Build.0 = Release|Any CPU
		{9668E47B-393F-48F4-8A7B-E971408E92AA}.Debug|Any CPU.ActiveCfg = Debug|Any CPU
		{9668E47B-393F-48F4-8A7B-E971408E92AA}.Debug|Any CPU.Build.0 = Debug|Any CPU
		{9668E47B-393F-48F4-8A7B-E971408E92AA}.Release|Any CPU.ActiveCfg = Release|Any CPU
		{9668E47B-393F-48F4-8A7B-E971408E92AA}.Release|Any CPU.Build.0 = Release|Any CPU
		{37A5558B-0832-4964-B8CE-5CF7D926188D}.Debug|Any CPU.ActiveCfg = Debug|Any CPU
		{37A5558B-0832-4964-B8CE-5CF7D926188D}.Debug|Any CPU.Build.0 = Debug|Any CPU
		{37A5558B-0832-4964-B8CE-5CF7D926188D}.Release|Any CPU.ActiveCfg = Release|Any CPU
		{37A5558B-0832-4964-B8CE-5CF7D926188D}.Release|Any CPU.Build.0 = Release|Any CPU
		{A5C8FC87-99D5-49DB-985C-E127A1F4B89C}.Debug|Any CPU.ActiveCfg = Debug|Any CPU
		{A5C8FC87-99D5-49DB-985C-E127A1F4B89C}.Debug|Any CPU.Build.0 = Debug|Any CPU
		{A5C8FC87-99D5-49DB-985C-E127A1F4B89C}.Release|Any CPU.ActiveCfg = Release|Any CPU
		{A5C8FC87-99D5-49DB-985C-E127A1F4B89C}.Release|Any CPU.Build.0 = Release|Any CPU
	EndGlobalSection
	GlobalSection(SolutionProperties) = preSolution
		HideSolutionNode = FALSE
	EndGlobalSection
	GlobalSection(NestedProjects) = preSolution
		{F5C920FE-1805-49B5-8405-C763EC50D372} = {02EA681E-C7D8-13C7-8484-4AC65E1B71E8}
		{E8C0D77E-CD91-4D66-AC39-FFCDE7989441} = {02EA681E-C7D8-13C7-8484-4AC65E1B71E8}
		{65D036E6-C7E7-4F0A-A85D-24059342F585} = {02EA681E-C7D8-13C7-8484-4AC65E1B71E8}
		{6F1ADA0C-B368-4BFE-9AF4-E3F334B09F1C} = {477CB6BD-F63D-4D60-B856-67862FB017A8}
		{5DB26012-B88E-45D0-BF52-C5509A50DE31} = {477CB6BD-F63D-4D60-B856-67862FB017A8}
		{41487D42-B548-4C1C-A1D5-64E7717C9A69} = {477CB6BD-F63D-4D60-B856-67862FB017A8}
		{FB2FDB55-C542-46B6-B3B1-72E447801516} = {477CB6BD-F63D-4D60-B856-67862FB017A8}
		{9668E47B-393F-48F4-8A7B-E971408E92AA} = {477CB6BD-F63D-4D60-B856-67862FB017A8}
		{37A5558B-0832-4964-B8CE-5CF7D926188D} = {20EDE5D4-A9BD-4E9B-9D22-C0D238D5C765}
		{A5C8FC87-99D5-49DB-985C-E127A1F4B89C} = {20EDE5D4-A9BD-4E9B-9D22-C0D238D5C765}
	EndGlobalSection
	GlobalSection(ExtensibilityGlobals) = postSolution
		SolutionGuid = {FE16C795-97B7-484F-8042-2B290E250964}
	EndGlobalSection
EndGlobal
