
Microsoft Visual Studio Solution File, Format Version 12.00
# Visual Studio Version 17
VisualStudioVersion = 17.13.35913.81
MinimumVisualStudioVersion = 10.0.40219.1
Project("{FAE04EC0-301F-11D3-BF4B-00C04F79EFBC}") = "MNSDotNetTrainingBatch1.FirstConsoleApp", "MNSDotNetTrainingBatch1.FirstConsoleApp\MNSDotNetTrainingBatch1.FirstConsoleApp.csproj", "{0C6AB73E-C8AF-4C61-96F8-5FF05E1231DF}"
EndProject
Global
	GlobalSection(SolutionConfigurationPlatforms) = preSolution
		Debug|Any CPU = Debug|Any CPU
		Release|Any CPU = Release|Any CPU
	EndGlobalSection
	GlobalSection(ProjectConfigurationPlatforms) = postSolution
		{0C6AB73E-C8AF-4C61-96F8-5FF05E1231DF}.Debug|Any CPU.ActiveCfg = Debug|Any CPU
		{0C6AB73E-C8AF-4C61-96F8-5FF05E1231DF}.Debug|Any CPU.Build.0 = Debug|Any CPU
		{0C6AB73E-C8AF-4C61-96F8-5FF05E1231DF}.Release|Any CPU.ActiveCfg = Release|Any CPU
		{0C6AB73E-C8AF-4C61-96F8-5FF05E1231DF}.Release|Any CPU.Build.0 = Release|Any CPU
	EndGlobalSection
	GlobalSection(SolutionProperties) = preSolution
		HideSolutionNode = FALSE
	EndGlobalSection
	GlobalSection(ExtensibilityGlobals) = postSolution
		SolutionGuid = {FE16C795-97B7-484F-8042-2B290E250964}
	EndGlobalSection
EndGlobal
